# THIS IS AN AUTOGENERATED FILE. DO NOT EDIT THIS FILE DIRECTLY.
# yarn lockfile v1


"node-fetch@^2.3.0":
  "integrity" "sha512-MOd8pV3fxENbryESLgVIeaGKrdl+uaYhCSSVkjeOb/31/njTpcis5aWfdqgNlHIrKOLRbMnfPINPOML2CIFeXA=="
  "resolved" "https://registry.npmjs.org/node-fetch/-/node-fetch-2.3.0.tgz"
  "version" "2.3.0"
